// !$*UTF8*$!
{
	archiveVersion = 1;
	classes = {
	};
	objectVersion = 51;
	objects = {

/* Begin PBXBuildFile section */
		452201A226528E9F003C8215 /* LoginViewModel.swift in Sources */ = {isa = PBXBuildFile; fileRef = 452201A126528E9F003C8215 /* LoginViewModel.swift */; };
		452201A42652900F003C8215 /* credentials.plist in Resources */ = {isa = PBXBuildFile; fileRef = 452201A32652900F003C8215 /* credentials.plist */; };
		452201A72652BB63003C8215 /* HomeViewController.swift in Sources */ = {isa = PBXBuildFile; fileRef = 452201A62652BB63003C8215 /* HomeViewController.swift */; };
		452201AA2653A4CD003C8215 /* CoordinatorProtocol.swift in Sources */ = {isa = PBXBuildFile; fileRef = 452201A92653A4CD003C8215 /* CoordinatorProtocol.swift */; };
		452201AC2653A547003C8215 /* AppCoordinator.swift in Sources */ = {isa = PBXBuildFile; fileRef = 452201AB2653A547003C8215 /* AppCoordinator.swift */; };
		452201AE2653A720003C8215 /* Storyboarded.swift in Sources */ = {isa = PBXBuildFile; fileRef = 452201AD2653A720003C8215 /* Storyboarded.swift */; };
		452201B02653D5BF003C8215 /* MainViewModel.swift in Sources */ = {isa = PBXBuildFile; fileRef = 452201AF2653D5BF003C8215 /* MainViewModel.swift */; };
		45333E0F26564FCE00954176 /* GoggleSignInService.swift in Sources */ = {isa = PBXBuildFile; fileRef = 45333E0E26564FCE00954176 /* GoggleSignInService.swift */; };
		45333E12265653FD00954176 /* HomeVCCoordinator.swift in Sources */ = {isa = PBXBuildFile; fileRef = 45333E11265653FD00954176 /* HomeVCCoordinator.swift */; };
		45333E1426565A9300954176 /* LoginFlowCoordinator.swift in Sources */ = {isa = PBXBuildFile; fileRef = 45333E1326565A9300954176 /* LoginFlowCoordinator.swift */; };
		45333E1F2657976900954176 /* NetworkManager.swift in Sources */ = {isa = PBXBuildFile; fileRef = 45333E1E2657976900954176 /* NetworkManager.swift */; };
		45333E21265798E800954176 /* TeamModel.swift in Sources */ = {isa = PBXBuildFile; fileRef = 45333E20265798E700954176 /* TeamModel.swift */; };
		45333E232657992800954176 /* TeamEndpoint.swift in Sources */ = {isa = PBXBuildFile; fileRef = 45333E222657992800954176 /* TeamEndpoint.swift */; };
		45333E252657B40400954176 /* ViewControllerExtensions.swift in Sources */ = {isa = PBXBuildFile; fileRef = 45333E242657B40400954176 /* ViewControllerExtensions.swift */; };
		45333E2E2657F7D800954176 /* MainTableViewCell.swift in Sources */ = {isa = PBXBuildFile; fileRef = 45333E2C2657F7D800954176 /* MainTableViewCell.swift */; };
		45333E2F2657F7D800954176 /* MainTableViewCell.xib in Resources */ = {isa = PBXBuildFile; fileRef = 45333E2D2657F7D800954176 /* MainTableViewCell.xib */; };
		45333E33265B8CC200954176 /* UIViewExtension.swift in Sources */ = {isa = PBXBuildFile; fileRef = 45333E32265B8CC200954176 /* UIViewExtension.swift */; };
		45333E37265B8F9000954176 /* DetailsViewController.swift in Sources */ = {isa = PBXBuildFile; fileRef = 45333E36265B8F9000954176 /* DetailsViewController.swift */; };
		45333E39265BDE9D00954176 /* TeamDetailsModel.swift in Sources */ = {isa = PBXBuildFile; fileRef = 45333E38265BDE9D00954176 /* TeamDetailsModel.swift */; };
		45333E3C265CD7F500954176 /* SideMenuVC.swift in Sources */ = {isa = PBXBuildFile; fileRef = 45333E3B265CD7F500954176 /* SideMenuVC.swift */; };
		45333E3E265CD80400954176 /* SideMenuModel.swift in Sources */ = {isa = PBXBuildFile; fileRef = 45333E3D265CD80400954176 /* SideMenuModel.swift */; };
		45333E42265CD98400954176 /* SideMenuCell.swift in Sources */ = {isa = PBXBuildFile; fileRef = 45333E40265CD98400954176 /* SideMenuCell.swift */; };
		45333E43265CD98400954176 /* SideMenuCell.xib in Resources */ = {isa = PBXBuildFile; fileRef = 45333E41265CD98400954176 /* SideMenuCell.xib */; };
		45333E47265D063900954176 /* TabBarCoordinator.swift in Sources */ = {isa = PBXBuildFile; fileRef = 45333E46265D063900954176 /* TabBarCoordinator.swift */; };
		45333E49265D301D00954176 /* TabBarViewController.swift in Sources */ = {isa = PBXBuildFile; fileRef = 45333E48265D301D00954176 /* TabBarViewController.swift */; };
		45333E52265D3DE300954176 /* BlueViewController.swift in Sources */ = {isa = PBXBuildFile; fileRef = 45333E51265D3DE300954176 /* BlueViewController.swift */; };
		45333E54265D3E0600954176 /* GreenViewController.swift in Sources */ = {isa = PBXBuildFile; fileRef = 45333E53265D3E0600954176 /* GreenViewController.swift */; };
		45333E56265D3E3B00954176 /* YellowViewController.swift in Sources */ = {isa = PBXBuildFile; fileRef = 45333E55265D3E3B00954176 /* YellowViewController.swift */; };
		45333E58265D3E6400954176 /* BlackViewController.swift in Sources */ = {isa = PBXBuildFile; fileRef = 45333E57265D3E6400954176 /* BlackViewController.swift */; };
		45333E5A265D3E8900954176 /* PinkViewController.swift in Sources */ = {isa = PBXBuildFile; fileRef = 45333E59265D3E8900954176 /* PinkViewController.swift */; };
		45333E5C265E2D1200954176 /* BaseVIewController.swift in Sources */ = {isa = PBXBuildFile; fileRef = 45333E5B265E2D1200954176 /* BaseVIewController.swift */; };
		45333E63265E3BEA00954176 /* BlueVCCoordinatro.swift in Sources */ = {isa = PBXBuildFile; fileRef = 45333E62265E3BEA00954176 /* BlueVCCoordinatro.swift */; };
		45333E65265E3CBE00954176 /* GreenVCCoordinator.swift in Sources */ = {isa = PBXBuildFile; fileRef = 45333E64265E3CBE00954176 /* GreenVCCoordinator.swift */; };
		45333E67265E3CF500954176 /* YellowVCCoordinator.swift in Sources */ = {isa = PBXBuildFile; fileRef = 45333E66265E3CF500954176 /* YellowVCCoordinator.swift */; };
		45333E69265E3D4700954176 /* BlackVCCoordinator.swift in Sources */ = {isa = PBXBuildFile; fileRef = 45333E68265E3D4700954176 /* BlackVCCoordinator.swift */; };
		45333E6B265E3D7700954176 /* PinkVCCoordinator.swift in Sources */ = {isa = PBXBuildFile; fileRef = 45333E6A265E3D7700954176 /* PinkVCCoordinator.swift */; };
		45A732E926528BF800598FC2 /* AppDelegate.swift in Sources */ = {isa = PBXBuildFile; fileRef = 45A732E826528BF800598FC2 /* AppDelegate.swift */; };
		45A732ED26528BF800598FC2 /* LoginViewController.swift in Sources */ = {isa = PBXBuildFile; fileRef = 45A732EC26528BF800598FC2 /* LoginViewController.swift */; };
		45A732F026528BF800598FC2 /* Main.storyboard in Resources */ = {isa = PBXBuildFile; fileRef = 45A732EE26528BF800598FC2 /* Main.storyboard */; };
		45A732F326528BF800598FC2 /* MyTestApp.xcdatamodeld in Sources */ = {isa = PBXBuildFile; fileRef = 45A732F126528BF800598FC2 /* MyTestApp.xcdatamodeld */; };
		45A732F526528BF900598FC2 /* Assets.xcassets in Resources */ = {isa = PBXBuildFile; fileRef = 45A732F426528BF900598FC2 /* Assets.xcassets */; };
		45A732F826528BF900598FC2 /* LaunchScreen.storyboard in Resources */ = {isa = PBXBuildFile; fileRef = 45A732F626528BF900598FC2 /* LaunchScreen.storyboard */; };
		CAF428E0680E380D2752A433 /* Pods_MyTestApp.framework in Frameworks */ = {isa = PBXBuildFile; fileRef = 7EEC6706E60AB10F4571EF97 /* Pods_MyTestApp.framework */; };
/* End PBXBuildFile section */

/* Begin PBXFileReference section */
		174D9B6C98CE93608F1E8A68 /* Pods-MyTestApp.debug.xcconfig */ = {isa = PBXFileReference; includeInIndex = 1; lastKnownFileType = text.xcconfig; name = "Pods-MyTestApp.debug.xcconfig"; path = "Target Support Files/Pods-MyTestApp/Pods-MyTestApp.debug.xcconfig"; sourceTree = "<group>"; };
		452201A126528E9F003C8215 /* LoginViewModel.swift */ = {isa = PBXFileReference; lastKnownFileType = sourcecode.swift; path = LoginViewModel.swift; sourceTree = "<group>"; };
		452201A32652900F003C8215 /* credentials.plist */ = {isa = PBXFileReference; fileEncoding = 4; lastKnownFileType = text.plist.xml; name = credentials.plist; path = ../../../../../Downloads/credentials.plist; sourceTree = "<group>"; };
		452201A62652BB63003C8215 /* HomeViewController.swift */ = {isa = PBXFileReference; lastKnownFileType = sourcecode.swift; path = HomeViewController.swift; sourceTree = "<group>"; };
		452201A92653A4CD003C8215 /* CoordinatorProtocol.swift */ = {isa = PBXFileReference; lastKnownFileType = sourcecode.swift; path = CoordinatorProtocol.swift; sourceTree = "<group>"; };
		452201AB2653A547003C8215 /* AppCoordinator.swift */ = {isa = PBXFileReference; lastKnownFileType = sourcecode.swift; path = AppCoordinator.swift; sourceTree = "<group>"; };
		452201AD2653A720003C8215 /* Storyboarded.swift */ = {isa = PBXFileReference; lastKnownFileType = sourcecode.swift; path = Storyboarded.swift; sourceTree = "<group>"; };
		452201AF2653D5BF003C8215 /* MainViewModel.swift */ = {isa = PBXFileReference; lastKnownFileType = sourcecode.swift; path = MainViewModel.swift; sourceTree = "<group>"; };
		45333E0E26564FCE00954176 /* GoggleSignInService.swift */ = {isa = PBXFileReference; lastKnownFileType = sourcecode.swift; path = GoggleSignInService.swift; sourceTree = "<group>"; };
		45333E11265653FD00954176 /* HomeVCCoordinator.swift */ = {isa = PBXFileReference; lastKnownFileType = sourcecode.swift; path = HomeVCCoordinator.swift; sourceTree = "<group>"; };
		45333E1326565A9300954176 /* LoginFlowCoordinator.swift */ = {isa = PBXFileReference; lastKnownFileType = sourcecode.swift; path = LoginFlowCoordinator.swift; sourceTree = "<group>"; };
		45333E1E2657976900954176 /* NetworkManager.swift */ = {isa = PBXFileReference; lastKnownFileType = sourcecode.swift; path = NetworkManager.swift; sourceTree = "<group>"; };
		45333E20265798E700954176 /* TeamModel.swift */ = {isa = PBXFileReference; lastKnownFileType = sourcecode.swift; path = TeamModel.swift; sourceTree = "<group>"; };
		45333E222657992800954176 /* TeamEndpoint.swift */ = {isa = PBXFileReference; lastKnownFileType = sourcecode.swift; path = TeamEndpoint.swift; sourceTree = "<group>"; };
		45333E242657B40400954176 /* ViewControllerExtensions.swift */ = {isa = PBXFileReference; lastKnownFileType = sourcecode.swift; path = ViewControllerExtensions.swift; sourceTree = "<group>"; };
		45333E2C2657F7D800954176 /* MainTableViewCell.swift */ = {isa = PBXFileReference; lastKnownFileType = sourcecode.swift; path = MainTableViewCell.swift; sourceTree = "<group>"; };
		45333E2D2657F7D800954176 /* MainTableViewCell.xib */ = {isa = PBXFileReference; lastKnownFileType = file.xib; path = MainTableViewCell.xib; sourceTree = "<group>"; };
		45333E32265B8CC200954176 /* UIViewExtension.swift */ = {isa = PBXFileReference; lastKnownFileType = sourcecode.swift; path = UIViewExtension.swift; sourceTree = "<group>"; };
		45333E36265B8F9000954176 /* DetailsViewController.swift */ = {isa = PBXFileReference; lastKnownFileType = sourcecode.swift; path = DetailsViewController.swift; sourceTree = "<group>"; };
		45333E38265BDE9D00954176 /* TeamDetailsModel.swift */ = {isa = PBXFileReference; lastKnownFileType = sourcecode.swift; path = TeamDetailsModel.swift; sourceTree = "<group>"; };
		45333E3B265CD7F500954176 /* SideMenuVC.swift */ = {isa = PBXFileReference; lastKnownFileType = sourcecode.swift; path = SideMenuVC.swift; sourceTree = "<group>"; };
		45333E3D265CD80400954176 /* SideMenuModel.swift */ = {isa = PBXFileReference; lastKnownFileType = sourcecode.swift; path = SideMenuModel.swift; sourceTree = "<group>"; };
		45333E40265CD98400954176 /* SideMenuCell.swift */ = {isa = PBXFileReference; lastKnownFileType = sourcecode.swift; path = SideMenuCell.swift; sourceTree = "<group>"; };
		45333E41265CD98400954176 /* SideMenuCell.xib */ = {isa = PBXFileReference; lastKnownFileType = file.xib; path = SideMenuCell.xib; sourceTree = "<group>"; };
		45333E46265D063900954176 /* TabBarCoordinator.swift */ = {isa = PBXFileReference; lastKnownFileType = sourcecode.swift; path = TabBarCoordinator.swift; sourceTree = "<group>"; };
		45333E48265D301D00954176 /* TabBarViewController.swift */ = {isa = PBXFileReference; lastKnownFileType = sourcecode.swift; path = TabBarViewController.swift; sourceTree = "<group>"; };
		45333E51265D3DE300954176 /* BlueViewController.swift */ = {isa = PBXFileReference; lastKnownFileType = sourcecode.swift; path = BlueViewController.swift; sourceTree = "<group>"; };
		45333E53265D3E0600954176 /* GreenViewController.swift */ = {isa = PBXFileReference; lastKnownFileType = sourcecode.swift; path = GreenViewController.swift; sourceTree = "<group>"; };
		45333E55265D3E3B00954176 /* YellowViewController.swift */ = {isa = PBXFileReference; lastKnownFileType = sourcecode.swift; path = YellowViewController.swift; sourceTree = "<group>"; };
		45333E57265D3E6400954176 /* BlackViewController.swift */ = {isa = PBXFileReference; lastKnownFileType = sourcecode.swift; path = BlackViewController.swift; sourceTree = "<group>"; };
		45333E59265D3E8900954176 /* PinkViewController.swift */ = {isa = PBXFileReference; lastKnownFileType = sourcecode.swift; path = PinkViewController.swift; sourceTree = "<group>"; };
		45333E5B265E2D1200954176 /* BaseVIewController.swift */ = {isa = PBXFileReference; lastKnownFileType = sourcecode.swift; path = BaseVIewController.swift; sourceTree = "<group>"; };
		45333E62265E3BEA00954176 /* BlueVCCoordinatro.swift */ = {isa = PBXFileReference; lastKnownFileType = sourcecode.swift; path = BlueVCCoordinatro.swift; sourceTree = "<group>"; };
		45333E64265E3CBE00954176 /* GreenVCCoordinator.swift */ = {isa = PBXFileReference; lastKnownFileType = sourcecode.swift; path = GreenVCCoordinator.swift; sourceTree = "<group>"; };
		45333E66265E3CF500954176 /* YellowVCCoordinator.swift */ = {isa = PBXFileReference; lastKnownFileType = sourcecode.swift; path = YellowVCCoordinator.swift; sourceTree = "<group>"; };
		45333E68265E3D4700954176 /* BlackVCCoordinator.swift */ = {isa = PBXFileReference; lastKnownFileType = sourcecode.swift; path = BlackVCCoordinator.swift; sourceTree = "<group>"; };
		45333E6A265E3D7700954176 /* PinkVCCoordinator.swift */ = {isa = PBXFileReference; lastKnownFileType = sourcecode.swift; path = PinkVCCoordinator.swift; sourceTree = "<group>"; };
		45A732E526528BF800598FC2 /* MyTestApp.app */ = {isa = PBXFileReference; explicitFileType = wrapper.application; includeInIndex = 0; path = MyTestApp.app; sourceTree = BUILT_PRODUCTS_DIR; };
		45A732E826528BF800598FC2 /* AppDelegate.swift */ = {isa = PBXFileReference; lastKnownFileType = sourcecode.swift; path = AppDelegate.swift; sourceTree = "<group>"; };
		45A732EC26528BF800598FC2 /* LoginViewController.swift */ = {isa = PBXFileReference; lastKnownFileType = sourcecode.swift; path = LoginViewController.swift; sourceTree = "<group>"; };
		45A732EF26528BF800598FC2 /* Base */ = {isa = PBXFileReference; lastKnownFileType = file.storyboard; name = Base; path = Base.lproj/Main.storyboard; sourceTree = "<group>"; };
		45A732F226528BF800598FC2 /* MyTestApp.xcdatamodel */ = {isa = PBXFileReference; lastKnownFileType = wrapper.xcdatamodel; path = MyTestApp.xcdatamodel; sourceTree = "<group>"; };
		45A732F426528BF900598FC2 /* Assets.xcassets */ = {isa = PBXFileReference; lastKnownFileType = folder.assetcatalog; path = Assets.xcassets; sourceTree = "<group>"; };
		45A732F726528BF900598FC2 /* Base */ = {isa = PBXFileReference; lastKnownFileType = file.storyboard; name = Base; path = Base.lproj/LaunchScreen.storyboard; sourceTree = "<group>"; };
		45A732F926528BF900598FC2 /* Info.plist */ = {isa = PBXFileReference; lastKnownFileType = text.plist.xml; path = Info.plist; sourceTree = "<group>"; };
		734264BDB1B532F0FA6C5D6A /* Pods-MyTestApp.release.xcconfig */ = {isa = PBXFileReference; includeInIndex = 1; lastKnownFileType = text.xcconfig; name = "Pods-MyTestApp.release.xcconfig"; path = "Target Support Files/Pods-MyTestApp/Pods-MyTestApp.release.xcconfig"; sourceTree = "<group>"; };
		7EEC6706E60AB10F4571EF97 /* Pods_MyTestApp.framework */ = {isa = PBXFileReference; explicitFileType = wrapper.framework; includeInIndex = 0; path = Pods_MyTestApp.framework; sourceTree = BUILT_PRODUCTS_DIR; };
/* End PBXFileReference section */

/* Begin PBXFrameworksBuildPhase section */
		45A732E226528BF800598FC2 /* Frameworks */ = {
			isa = PBXFrameworksBuildPhase;
			buildActionMask = 2147483647;
			files = (
				CAF428E0680E380D2752A433 /* Pods_MyTestApp.framework in Frameworks */,
			);
			runOnlyForDeploymentPostprocessing = 0;
		};
/* End PBXFrameworksBuildPhase section */

/* Begin PBXGroup section */
		00BD7F1E4F70C30BFDEEFA90 /* Pods */ = {
			isa = PBXGroup;
			children = (
				174D9B6C98CE93608F1E8A68 /* Pods-MyTestApp.debug.xcconfig */,
				734264BDB1B532F0FA6C5D6A /* Pods-MyTestApp.release.xcconfig */,
			);
			path = Pods;
			sourceTree = "<group>";
		};
		452201A52652BB29003C8215 /* MainViewModule */ = {
			isa = PBXGroup;
			children = (
				45333E272657DD7A00954176 /* Cell */,
				45333E1826568F1900954176 /* Coordinator's */,
				45333E1C26568F4200954176 /* ViewModel's */,
				45333E1A26568F2E00954176 /* ViewController's */,
				45333E50265D3B2900954176 /* MenuViewControllers */,
			);
			path = MainViewModule;
			sourceTree = "<group>";
		};
		452201A82653A4AD003C8215 /* CoordinatorService */ = {
			isa = PBXGroup;
			children = (
				452201A92653A4CD003C8215 /* CoordinatorProtocol.swift */,
				452201AD2653A720003C8215 /* Storyboarded.swift */,
			);
			path = CoordinatorService;
			sourceTree = "<group>";
		};
		45333E10265650AC00954176 /* SignInService */ = {
			isa = PBXGroup;
			children = (
				45333E0E26564FCE00954176 /* GoggleSignInService.swift */,
			);
			path = SignInService;
			sourceTree = "<group>";
		};
		45333E1526568ED700954176 /* Coordinator */ = {
			isa = PBXGroup;
			children = (
				45333E1326565A9300954176 /* LoginFlowCoordinator.swift */,
			);
			path = Coordinator;
			sourceTree = "<group>";
		};
		45333E1626568EE600954176 /* ViewModel */ = {
			isa = PBXGroup;
			children = (
				452201A126528E9F003C8215 /* LoginViewModel.swift */,
			);
			path = ViewModel;
			sourceTree = "<group>";
		};
		45333E1726568EF300954176 /* ViewController */ = {
			isa = PBXGroup;
			children = (
				45A732EC26528BF800598FC2 /* LoginViewController.swift */,
			);
			path = ViewController;
			sourceTree = "<group>";
		};
		45333E1826568F1900954176 /* Coordinator's */ = {
			isa = PBXGroup;
			children = (
				45333E11265653FD00954176 /* HomeVCCoordinator.swift */,
			);
			path = "Coordinator's";
			sourceTree = "<group>";
		};
		45333E1A26568F2E00954176 /* ViewController's */ = {
			isa = PBXGroup;
			children = (
				45333E35265B8F5C00954176 /* MainViewController */,
				45333E34265B8F0F00954176 /* DetailsViewController */,
			);
			path = "ViewController's";
			sourceTree = "<group>";
		};
		45333E1C26568F4200954176 /* ViewModel's */ = {
			isa = PBXGroup;
			children = (
				452201AF2653D5BF003C8215 /* MainViewModel.swift */,
			);
			path = "ViewModel's";
			sourceTree = "<group>";
		};
		45333E1D2657973E00954176 /* NetworkService */ = {
			isa = PBXGroup;
			children = (
				45333E1E2657976900954176 /* NetworkManager.swift */,
				45333E20265798E700954176 /* TeamModel.swift */,
				45333E222657992800954176 /* TeamEndpoint.swift */,
			);
			path = NetworkService;
			sourceTree = "<group>";
		};
		45333E262657DD4100954176 /* Extensions */ = {
			isa = PBXGroup;
			children = (
				45333E242657B40400954176 /* ViewControllerExtensions.swift */,
				45333E32265B8CC200954176 /* UIViewExtension.swift */,
				45333E5B265E2D1200954176 /* BaseVIewController.swift */,
			);
			path = Extensions;
			sourceTree = "<group>";
		};
		45333E272657DD7A00954176 /* Cell */ = {
			isa = PBXGroup;
			children = (
				45333E2C2657F7D800954176 /* MainTableViewCell.swift */,
				45333E2D2657F7D800954176 /* MainTableViewCell.xib */,
			);
			path = Cell;
			sourceTree = "<group>";
		};
		45333E34265B8F0F00954176 /* DetailsViewController */ = {
			isa = PBXGroup;
			children = (
				45333E38265BDE9D00954176 /* TeamDetailsModel.swift */,
				45333E36265B8F9000954176 /* DetailsViewController.swift */,
			);
			path = DetailsViewController;
			sourceTree = "<group>";
		};
		45333E35265B8F5C00954176 /* MainViewController */ = {
			isa = PBXGroup;
			children = (
				452201A62652BB63003C8215 /* HomeViewController.swift */,
			);
			path = MainViewController;
			sourceTree = "<group>";
		};
		45333E3A265CD7CF00954176 /* SideMenuModule */ = {
			isa = PBXGroup;
			children = (
				45333E45265CF09400954176 /* SideMenuModel */,
				45333E44265CE15A00954176 /* SideMenuVC */,
				45333E3F265CD95900954176 /* SideMenuCell */,
			);
			path = SideMenuModule;
			sourceTree = "<group>";
		};
		45333E3F265CD95900954176 /* SideMenuCell */ = {
			isa = PBXGroup;
			children = (
				45333E40265CD98400954176 /* SideMenuCell.swift */,
				45333E41265CD98400954176 /* SideMenuCell.xib */,
			);
			path = SideMenuCell;
			sourceTree = "<group>";
		};
		45333E44265CE15A00954176 /* SideMenuVC */ = {
			isa = PBXGroup;
			children = (
				45333E3B265CD7F500954176 /* SideMenuVC.swift */,
			);
			path = SideMenuVC;
			sourceTree = "<group>";
		};
		45333E45265CF09400954176 /* SideMenuModel */ = {
			isa = PBXGroup;
			children = (
				45333E3D265CD80400954176 /* SideMenuModel.swift */,
			);
			path = SideMenuModel;
			sourceTree = "<group>";
		};
		45333E4A265D32B600954176 /* TabBarModule */ = {
			isa = PBXGroup;
			children = (
				45333E4C265D32E200954176 /* TabBarCoordinator */,
				45333E4B265D32D400954176 /* TabBarController */,
			);
			path = TabBarModule;
			sourceTree = "<group>";
		};
		45333E4B265D32D400954176 /* TabBarController */ = {
			isa = PBXGroup;
			children = (
				45333E48265D301D00954176 /* TabBarViewController.swift */,
			);
			path = TabBarController;
			sourceTree = "<group>";
		};
		45333E4C265D32E200954176 /* TabBarCoordinator */ = {
			isa = PBXGroup;
			children = (
				45333E46265D063900954176 /* TabBarCoordinator.swift */,
			);
			path = TabBarCoordinator;
			sourceTree = "<group>";
		};
		45333E4D265D334C00954176 /* Service */ = {
			isa = PBXGroup;
			children = (
				45333E1D2657973E00954176 /* NetworkService */,
				45333E10265650AC00954176 /* SignInService */,
			);
			path = Service;
			sourceTree = "<group>";
		};
		45333E50265D3B2900954176 /* MenuViewControllers */ = {
			isa = PBXGroup;
			children = (
				45333E5D265E3B8D00954176 /* BlueViewController */,
				45333E5E265E3B9D00954176 /* GreenViewController */,
				45333E5F265E3BAE00954176 /* YellowViewController */,
				45333E60265E3BBC00954176 /* BlackViewCintroller */,
				45333E61265E3BCB00954176 /* PinkViewController */,
			);
			path = MenuViewControllers;
			sourceTree = "<group>";
		};
		45333E5D265E3B8D00954176 /* BlueViewController */ = {
			isa = PBXGroup;
			children = (
				45333E51265D3DE300954176 /* BlueViewController.swift */,
				45333E62265E3BEA00954176 /* BlueVCCoordinatro.swift */,
			);
			path = BlueViewController;
			sourceTree = "<group>";
		};
		45333E5E265E3B9D00954176 /* GreenViewController */ = {
			isa = PBXGroup;
			children = (
				45333E53265D3E0600954176 /* GreenViewController.swift */,
				45333E64265E3CBE00954176 /* GreenVCCoordinator.swift */,
			);
			path = GreenViewController;
			sourceTree = "<group>";
		};
		45333E5F265E3BAE00954176 /* YellowViewController */ = {
			isa = PBXGroup;
			children = (
				45333E55265D3E3B00954176 /* YellowViewController.swift */,
				45333E66265E3CF500954176 /* YellowVCCoordinator.swift */,
			);
			path = YellowViewController;
			sourceTree = "<group>";
		};
		45333E60265E3BBC00954176 /* BlackViewCintroller */ = {
			isa = PBXGroup;
			children = (
				45333E57265D3E6400954176 /* BlackViewController.swift */,
				45333E68265E3D4700954176 /* BlackVCCoordinator.swift */,
			);
			path = BlackViewCintroller;
			sourceTree = "<group>";
		};
		45333E61265E3BCB00954176 /* PinkViewController */ = {
			isa = PBXGroup;
			children = (
				45333E59265D3E8900954176 /* PinkViewController.swift */,
				45333E6A265E3D7700954176 /* PinkVCCoordinator.swift */,
			);
			path = PinkViewController;
			sourceTree = "<group>";
		};
		45A732DC26528BF800598FC2 = {
			isa = PBXGroup;
			children = (
				45A732E726528BF800598FC2 /* MyTestApp */,
				45A732E626528BF800598FC2 /* Products */,
				00BD7F1E4F70C30BFDEEFA90 /* Pods */,
				CD3415E50444FD8690F96A07 /* Frameworks */,
			);
			sourceTree = "<group>";
		};
		45A732E626528BF800598FC2 /* Products */ = {
			isa = PBXGroup;
			children = (
				45A732E526528BF800598FC2 /* MyTestApp.app */,
			);
			name = Products;
			sourceTree = "<group>";
		};
		45A732E726528BF800598FC2 /* MyTestApp */ = {
			isa = PBXGroup;
			children = (
				452201AB2653A547003C8215 /* AppCoordinator.swift */,
				45A7330126528CB500598FC2 /* LoginViewModule */,
				452201A52652BB29003C8215 /* MainViewModule */,
				45333E4D265D334C00954176 /* Service */,
				452201A82653A4AD003C8215 /* CoordinatorService */,
				45333E4A265D32B600954176 /* TabBarModule */,
				45333E3A265CD7CF00954176 /* SideMenuModule */,
				45A732FF26528C8500598FC2 /* MainAppDelegates */,
				45333E262657DD4100954176 /* Extensions */,
				45A7330026528C9A00598FC2 /* Storyboards */,
				45A732F426528BF900598FC2 /* Assets.xcassets */,
				45A732F926528BF900598FC2 /* Info.plist */,
				452201A32652900F003C8215 /* credentials.plist */,
				45A732F126528BF800598FC2 /* MyTestApp.xcdatamodeld */,
			);
			path = MyTestApp;
			sourceTree = "<group>";
		};
		45A732FF26528C8500598FC2 /* MainAppDelegates */ = {
			isa = PBXGroup;
			children = (
				45A732E826528BF800598FC2 /* AppDelegate.swift */,
			);
			path = MainAppDelegates;
			sourceTree = "<group>";
		};
		45A7330026528C9A00598FC2 /* Storyboards */ = {
			isa = PBXGroup;
			children = (
				45A732EE26528BF800598FC2 /* Main.storyboard */,
				45A732F626528BF900598FC2 /* LaunchScreen.storyboard */,
			);
			path = Storyboards;
			sourceTree = "<group>";
		};
		45A7330126528CB500598FC2 /* LoginViewModule */ = {
			isa = PBXGroup;
			children = (
				45333E1526568ED700954176 /* Coordinator */,
				45333E1626568EE600954176 /* ViewModel */,
				45333E1726568EF300954176 /* ViewController */,
			);
			path = LoginViewModule;
			sourceTree = "<group>";
		};
		CD3415E50444FD8690F96A07 /* Frameworks */ = {
			isa = PBXGroup;
			children = (
				7EEC6706E60AB10F4571EF97 /* Pods_MyTestApp.framework */,
			);
			name = Frameworks;
			sourceTree = "<group>";
		};
/* End PBXGroup section */

/* Begin PBXNativeTarget section */
		45A732E426528BF800598FC2 /* MyTestApp */ = {
			isa = PBXNativeTarget;
			buildConfigurationList = 45A732FC26528BF900598FC2 /* Build configuration list for PBXNativeTarget "MyTestApp" */;
			buildPhases = (
				EABA6A1856D060666F778D67 /* [CP] Check Pods Manifest.lock */,
				45A732E126528BF800598FC2 /* Sources */,
				45A732E226528BF800598FC2 /* Frameworks */,
				45A732E326528BF800598FC2 /* Resources */,
				D48F719176FCB962D4B4D602 /* [CP] Embed Pods Frameworks */,
				1AB236B07325D40151276A21 /* [CP] Copy Pods Resources */,
			);
			buildRules = (
			);
			dependencies = (
			);
			name = MyTestApp;
			productName = MyTestApp;
			productReference = 45A732E526528BF800598FC2 /* MyTestApp.app */;
			productType = "com.apple.product-type.application";
		};
/* End PBXNativeTarget section */

/* Begin PBXProject section */
		45A732DD26528BF800598FC2 /* Project object */ = {
			isa = PBXProject;
			attributes = {
				LastSwiftUpdateCheck = 1250;
				LastUpgradeCheck = 1250;
				TargetAttributes = {
					45A732E426528BF800598FC2 = {
						CreatedOnToolsVersion = 12.5;
					};
				};
			};
			buildConfigurationList = 45A732E026528BF800598FC2 /* Build configuration list for PBXProject "MyTestApp" */;
			compatibilityVersion = "Xcode 9.3";
			developmentRegion = en;
			hasScannedForEncodings = 0;
			knownRegions = (
				en,
				Base,
			);
			mainGroup = 45A732DC26528BF800598FC2;
			productRefGroup = 45A732E626528BF800598FC2 /* Products */;
			projectDirPath = "";
			projectRoot = "";
			targets = (
				45A732E426528BF800598FC2 /* MyTestApp */,
			);
		};
/* End PBXProject section */

/* Begin PBXResourcesBuildPhase section */
		45A732E326528BF800598FC2 /* Resources */ = {
			isa = PBXResourcesBuildPhase;
			buildActionMask = 2147483647;
			files = (
				45A732F826528BF900598FC2 /* LaunchScreen.storyboard in Resources */,
				452201A42652900F003C8215 /* credentials.plist in Resources */,
				45A732F526528BF900598FC2 /* Assets.xcassets in Resources */,
				45A732F026528BF800598FC2 /* Main.storyboard in Resources */,
				45333E2F2657F7D800954176 /* MainTableViewCell.xib in Resources */,
				45333E43265CD98400954176 /* SideMenuCell.xib in Resources */,
			);
			runOnlyForDeploymentPostprocessing = 0;
		};
/* End PBXResourcesBuildPhase section */

/* Begin PBXShellScriptBuildPhase section */
		1AB236B07325D40151276A21 /* [CP] Copy Pods Resources */ = {
			isa = PBXShellScriptBuildPhase;
			buildActionMask = 2147483647;
			files = (
			);
			inputFileListPaths = (
				"${PODS_ROOT}/Target Support Files/Pods-MyTestApp/Pods-MyTestApp-resources-${CONFIGURATION}-input-files.xcfilelist",
			);
			name = "[CP] Copy Pods Resources";
			outputFileListPaths = (
				"${PODS_ROOT}/Target Support Files/Pods-MyTestApp/Pods-MyTestApp-resources-${CONFIGURATION}-output-files.xcfilelist",
			);
			runOnlyForDeploymentPostprocessing = 0;
			shellPath = /bin/sh;
			shellScript = "\"${PODS_ROOT}/Target Support Files/Pods-MyTestApp/Pods-MyTestApp-resources.sh\"\n";
			showEnvVarsInLog = 0;
		};
		D48F719176FCB962D4B4D602 /* [CP] Embed Pods Frameworks */ = {
			isa = PBXShellScriptBuildPhase;
			buildActionMask = 2147483647;
			files = (
			);
			inputFileListPaths = (
				"${PODS_ROOT}/Target Support Files/Pods-MyTestApp/Pods-MyTestApp-frameworks-${CONFIGURATION}-input-files.xcfilelist",
			);
			name = "[CP] Embed Pods Frameworks";
			outputFileListPaths = (
				"${PODS_ROOT}/Target Support Files/Pods-MyTestApp/Pods-MyTestApp-frameworks-${CONFIGURATION}-output-files.xcfilelist",
			);
			runOnlyForDeploymentPostprocessing = 0;
			shellPath = /bin/sh;
			shellScript = "\"${PODS_ROOT}/Target Support Files/Pods-MyTestApp/Pods-MyTestApp-frameworks.sh\"\n";
			showEnvVarsInLog = 0;
		};
		EABA6A1856D060666F778D67 /* [CP] Check Pods Manifest.lock */ = {
			isa = PBXShellScriptBuildPhase;
			buildActionMask = 2147483647;
			files = (
			);
			inputFileListPaths = (
			);
			inputPaths = (
				"${PODS_PODFILE_DIR_PATH}/Podfile.lock",
				"${PODS_ROOT}/Manifest.lock",
			);
			name = "[CP] Check Pods Manifest.lock";
			outputFileListPaths = (
			);
			outputPaths = (
				"$(DERIVED_FILE_DIR)/Pods-MyTestApp-checkManifestLockResult.txt",
			);
			runOnlyForDeploymentPostprocessing = 0;
			shellPath = /bin/sh;
			shellScript = "diff \"${PODS_PODFILE_DIR_PATH}/Podfile.lock\" \"${PODS_ROOT}/Manifest.lock\" > /dev/null\nif [ $? != 0 ] ; then\n    # print error to STDERR\n    echo \"error: The sandbox is not in sync with the Podfile.lock. Run 'pod install' or update your CocoaPods installation.\" >&2\n    exit 1\nfi\n# This output is used by Xcode 'outputs' to avoid re-running this script phase.\necho \"SUCCESS\" > \"${SCRIPT_OUTPUT_FILE_0}\"\n";
			showEnvVarsInLog = 0;
		};
/* End PBXShellScriptBuildPhase section */

/* Begin PBXSourcesBuildPhase section */
		45A732E126528BF800598FC2 /* Sources */ = {
			isa = PBXSourcesBuildPhase;
			buildActionMask = 2147483647;
			files = (
				45A732ED26528BF800598FC2 /* LoginViewController.swift in Sources */,
				45333E5C265E2D1200954176 /* BaseVIewController.swift in Sources */,
				452201AC2653A547003C8215 /* AppCoordinator.swift in Sources */,
				45333E3C265CD7F500954176 /* SideMenuVC.swift in Sources */,
				45333E69265E3D4700954176 /* BlackVCCoordinator.swift in Sources */,
				45333E6B265E3D7700954176 /* PinkVCCoordinator.swift in Sources */,
				45A732F326528BF800598FC2 /* MyTestApp.xcdatamodeld in Sources */,
				45A732E926528BF800598FC2 /* AppDelegate.swift in Sources */,
				45333E21265798E800954176 /* TeamModel.swift in Sources */,
				452201A72652BB63003C8215 /* HomeViewController.swift in Sources */,
				45333E33265B8CC200954176 /* UIViewExtension.swift in Sources */,
				45333E52265D3DE300954176 /* BlueViewController.swift in Sources */,
				45333E39265BDE9D00954176 /* TeamDetailsModel.swift in Sources */,
				45333E2E2657F7D800954176 /* MainTableViewCell.swift in Sources */,
				45333E232657992800954176 /* TeamEndpoint.swift in Sources */,
				452201AE2653A720003C8215 /* Storyboarded.swift in Sources */,
				45333E252657B40400954176 /* ViewControllerExtensions.swift in Sources */,
				45333E49265D301D00954176 /* TabBarViewController.swift in Sources */,
				45333E47265D063900954176 /* TabBarCoordinator.swift in Sources */,
				45333E1426565A9300954176 /* LoginFlowCoordinator.swift in Sources */,
				45333E0F26564FCE00954176 /* GoggleSignInService.swift in Sources */,
				45333E54265D3E0600954176 /* GreenViewController.swift in Sources */,
				45333E37265B8F9000954176 /* DetailsViewController.swift in Sources */,
				45333E58265D3E6400954176 /* BlackViewController.swift in Sources */,
				452201A226528E9F003C8215 /* LoginViewModel.swift in Sources */,
				45333E65265E3CBE00954176 /* GreenVCCoordinator.swift in Sources */,
				45333E63265E3BEA00954176 /* BlueVCCoordinatro.swift in Sources */,
				45333E3E265CD80400954176 /* SideMenuModel.swift in Sources */,
				45333E12265653FD00954176 /* HomeVCCoordinator.swift in Sources */,
				45333E5A265D3E8900954176 /* PinkViewController.swift in Sources */,
				452201AA2653A4CD003C8215 /* CoordinatorProtocol.swift in Sources */,
				45333E67265E3CF500954176 /* YellowVCCoordinator.swift in Sources */,
				45333E56265D3E3B00954176 /* YellowViewController.swift in Sources */,
				45333E1F2657976900954176 /* NetworkManager.swift in Sources */,
				452201B02653D5BF003C8215 /* MainViewModel.swift in Sources */,
				45333E42265CD98400954176 /* SideMenuCell.swift in Sources */,
			);
			runOnlyForDeploymentPostprocessing = 0;
		};
/* End PBXSourcesBuildPhase section */

/* Begin PBXVariantGroup section */
		45A732EE26528BF800598FC2 /* Main.storyboard */ = {
			isa = PBXVariantGroup;
			children = (
				45A732EF26528BF800598FC2 /* Base */,
			);
			name = Main.storyboard;
			sourceTree = "<group>";
		};
		45A732F626528BF900598FC2 /* LaunchScreen.storyboard */ = {
			isa = PBXVariantGroup;
			children = (
				45A732F726528BF900598FC2 /* Base */,
			);
			name = LaunchScreen.storyboard;
			sourceTree = "<group>";
		};
/* End PBXVariantGroup section */

/* Begin XCBuildConfiguration section */
		45A732FA26528BF900598FC2 /* Debug */ = {
			isa = XCBuildConfiguration;
			buildSettings = {
				ALWAYS_SEARCH_USER_PATHS = NO;
				CLANG_ANALYZER_NONNULL = YES;
				CLANG_ANALYZER_NUMBER_OBJECT_CONVERSION = YES_AGGRESSIVE;
				CLANG_CXX_LANGUAGE_STANDARD = "gnu++14";
				CLANG_CXX_LIBRARY = "libc++";
				CLANG_ENABLE_MODULES = YES;
				CLANG_ENABLE_OBJC_ARC = YES;
				CLANG_ENABLE_OBJC_WEAK = YES;
				CLANG_WARN_BLOCK_CAPTURE_AUTORELEASING = YES;
				CLANG_WARN_BOOL_CONVERSION = YES;
				CLANG_WARN_COMMA = YES;
				CLANG_WARN_CONSTANT_CONVERSION = YES;
				CLANG_WARN_DEPRECATED_OBJC_IMPLEMENTATIONS = YES;
				CLANG_WARN_DIRECT_OBJC_ISA_USAGE = YES_ERROR;
				CLANG_WARN_DOCUMENTATION_COMMENTS = YES;
				CLANG_WARN_EMPTY_BODY = YES;
				CLANG_WARN_ENUM_CONVERSION = YES;
				CLANG_WARN_INFINITE_RECURSION = YES;
				CLANG_WARN_INT_CONVERSION = YES;
				CLANG_WARN_NON_LITERAL_NULL_CONVERSION = YES;
				CLANG_WARN_OBJC_IMPLICIT_RETAIN_SELF = YES;
				CLANG_WARN_OBJC_LITERAL_CONVERSION = YES;
				CLANG_WARN_OBJC_ROOT_CLASS = YES_ERROR;
				CLANG_WARN_QUOTED_INCLUDE_IN_FRAMEWORK_HEADER = YES;
				CLANG_WARN_RANGE_LOOP_ANALYSIS = YES;
				CLANG_WARN_STRICT_PROTOTYPES = YES;
				CLANG_WARN_SUSPICIOUS_MOVE = YES;
				CLANG_WARN_UNGUARDED_AVAILABILITY = YES_AGGRESSIVE;
				CLANG_WARN_UNREACHABLE_CODE = YES;
				CLANG_WARN__DUPLICATE_METHOD_MATCH = YES;
				COPY_PHASE_STRIP = NO;
				DEBUG_INFORMATION_FORMAT = dwarf;
				ENABLE_STRICT_OBJC_MSGSEND = YES;
				ENABLE_TESTABILITY = YES;
				GCC_C_LANGUAGE_STANDARD = gnu11;
				GCC_DYNAMIC_NO_PIC = NO;
				GCC_NO_COMMON_BLOCKS = YES;
				GCC_OPTIMIZATION_LEVEL = 0;
				GCC_PREPROCESSOR_DEFINITIONS = (
					"DEBUG=1",
					"$(inherited)",
				);
				GCC_WARN_64_TO_32_BIT_CONVERSION = YES;
				GCC_WARN_ABOUT_RETURN_TYPE = YES_ERROR;
				GCC_WARN_UNDECLARED_SELECTOR = YES;
				GCC_WARN_UNINITIALIZED_AUTOS = YES_AGGRESSIVE;
				GCC_WARN_UNUSED_FUNCTION = YES;
				GCC_WARN_UNUSED_VARIABLE = YES;
				IPHONEOS_DEPLOYMENT_TARGET = 14.5;
				MTL_ENABLE_DEBUG_INFO = INCLUDE_SOURCE;
				MTL_FAST_MATH = YES;
				ONLY_ACTIVE_ARCH = YES;
				SDKROOT = iphoneos;
				SWIFT_ACTIVE_COMPILATION_CONDITIONS = DEBUG;
				SWIFT_OPTIMIZATION_LEVEL = "-Onone";
			};
			name = Debug;
		};
		45A732FB26528BF900598FC2 /* Release */ = {
			isa = XCBuildConfiguration;
			buildSettings = {
				ALWAYS_SEARCH_USER_PATHS = NO;
				CLANG_ANALYZER_NONNULL = YES;
				CLANG_ANALYZER_NUMBER_OBJECT_CONVERSION = YES_AGGRESSIVE;
				CLANG_CXX_LANGUAGE_STANDARD = "gnu++14";
				CLANG_CXX_LIBRARY = "libc++";
				CLANG_ENABLE_MODULES = YES;
				CLANG_ENABLE_OBJC_ARC = YES;
				CLANG_ENABLE_OBJC_WEAK = YES;
				CLANG_WARN_BLOCK_CAPTURE_AUTORELEASING = YES;
				CLANG_WARN_BOOL_CONVERSION = YES;
				CLANG_WARN_COMMA = YES;
				CLANG_WARN_CONSTANT_CONVERSION = YES;
				CLANG_WARN_DEPRECATED_OBJC_IMPLEMENTATIONS = YES;
				CLANG_WARN_DIRECT_OBJC_ISA_USAGE = YES_ERROR;
				CLANG_WARN_DOCUMENTATION_COMMENTS = YES;
				CLANG_WARN_EMPTY_BODY = YES;
				CLANG_WARN_ENUM_CONVERSION = YES;
				CLANG_WARN_INFINITE_RECURSION = YES;
				CLANG_WARN_INT_CONVERSION = YES;
				CLANG_WARN_NON_LITERAL_NULL_CONVERSION = YES;
				CLANG_WARN_OBJC_IMPLICIT_RETAIN_SELF = YES;
				CLANG_WARN_OBJC_LITERAL_CONVERSION = YES;
				CLANG_WARN_OBJC_ROOT_CLASS = YES_ERROR;
				CLANG_WARN_QUOTED_INCLUDE_IN_FRAMEWORK_HEADER = YES;
				CLANG_WARN_RANGE_LOOP_ANALYSIS = YES;
				CLANG_WARN_STRICT_PROTOTYPES = YES;
				CLANG_WARN_SUSPICIOUS_MOVE = YES;
				CLANG_WARN_UNGUARDED_AVAILABILITY = YES_AGGRESSIVE;
				CLANG_WARN_UNREACHABLE_CODE = YES;
				CLANG_WARN__DUPLICATE_METHOD_MATCH = YES;
				COPY_PHASE_STRIP = NO;
				DEBUG_INFORMATION_FORMAT = "dwarf-with-dsym";
				ENABLE_NS_ASSERTIONS = NO;
				ENABLE_STRICT_OBJC_MSGSEND = YES;
				GCC_C_LANGUAGE_STANDARD = gnu11;
				GCC_NO_COMMON_BLOCKS = YES;
				GCC_WARN_64_TO_32_BIT_CONVERSION = YES;
				GCC_WARN_ABOUT_RETURN_TYPE = YES_ERROR;
				GCC_WARN_UNDECLARED_SELECTOR = YES;
				GCC_WARN_UNINITIALIZED_AUTOS = YES_AGGRESSIVE;
				GCC_WARN_UNUSED_FUNCTION = YES;
				GCC_WARN_UNUSED_VARIABLE = YES;
				IPHONEOS_DEPLOYMENT_TARGET = 14.5;
				MTL_ENABLE_DEBUG_INFO = NO;
				MTL_FAST_MATH = YES;
				SDKROOT = iphoneos;
				SWIFT_COMPILATION_MODE = wholemodule;
				SWIFT_OPTIMIZATION_LEVEL = "-O";
				VALIDATE_PRODUCT = YES;
			};
			name = Release;
		};
		45A732FD26528BF900598FC2 /* Debug */ = {
			isa = XCBuildConfiguration;
			baseConfigurationReference = 174D9B6C98CE93608F1E8A68 /* Pods-MyTestApp.debug.xcconfig */;
			buildSettings = {
				ASSETCATALOG_COMPILER_APPICON_NAME = AppIcon;
				ASSETCATALOG_COMPILER_GLOBAL_ACCENT_COLOR_NAME = AccentColor;
				CODE_SIGN_STYLE = Automatic;
				DEVELOPMENT_TEAM = 5B6563Q5YJ;
				INFOPLIST_FILE = MyTestApp/Info.plist;
				LD_RUNPATH_SEARCH_PATHS = (
					"$(inherited)",
					"@executable_path/Frameworks",
				);
				PRODUCT_BUNDLE_IDENTIFIER = com.EvhenPetrovskyi.MyTestApp;
				PRODUCT_NAME = "$(TARGET_NAME)";
				SWIFT_VERSION = 5.0;
				TARGETED_DEVICE_FAMILY = "1,2";
			};
			name = Debug;
		};
		45A732FE26528BF900598FC2 /* Release */ = {
			isa = XCBuildConfiguration;
			baseConfigurationReference = 734264BDB1B532F0FA6C5D6A /* Pods-MyTestApp.release.xcconfig */;
			buildSettings = {
				ASSETCATALOG_COMPILER_APPICON_NAME = AppIcon;
				ASSETCATALOG_COMPILER_GLOBAL_ACCENT_COLOR_NAME = AccentColor;
				CODE_SIGN_STYLE = Automatic;
				DEVELOPMENT_TEAM = 5B6563Q5YJ;
				INFOPLIST_FILE = MyTestApp/Info.plist;
				LD_RUNPATH_SEARCH_PATHS = (
					"$(inherited)",
					"@executable_path/Frameworks",
				);
				PRODUCT_BUNDLE_IDENTIFIER = com.EvhenPetrovskyi.MyTestApp;
				PRODUCT_NAME = "$(TARGET_NAME)";
				SWIFT_VERSION = 5.0;
				TARGETED_DEVICE_FAMILY = "1,2";
			};
			name = Release;
		};
/* End XCBuildConfiguration section */

/* Begin XCConfigurationList section */
		45A732E026528BF800598FC2 /* Build configuration list for PBXProject "MyTestApp" */ = {
			isa = XCConfigurationList;
			buildConfigurations = (
				45A732FA26528BF900598FC2 /* Debug */,
				45A732FB26528BF900598FC2 /* Release */,
			);
			defaultConfigurationIsVisible = 0;
			defaultConfigurationName = Release;
		};
		45A732FC26528BF900598FC2 /* Build configuration list for PBXNativeTarget "MyTestApp" */ = {
			isa = XCConfigurationList;
			buildConfigurations = (
				45A732FD26528BF900598FC2 /* Debug */,
				45A732FE26528BF900598FC2 /* Release */,
			);
			defaultConfigurationIsVisible = 0;
			defaultConfigurationName = Release;
		};
/* End XCConfigurationList section */

/* Begin XCVersionGroup section */
		45A732F126528BF800598FC2 /* MyTestApp.xcdatamodeld */ = {
			isa = XCVersionGroup;
			children = (
				45A732F226528BF800598FC2 /* MyTestApp.xcdatamodel */,
			);
			currentVersion = 45A732F226528BF800598FC2 /* MyTestApp.xcdatamodel */;
			path = MyTestApp.xcdatamodeld;
			sourceTree = "<group>";
			versionGroupType = wrapper.xcdatamodel;
		};
/* End XCVersionGroup section */
	};
	rootObject = 45A732DD26528BF800598FC2 /* Project object */;
}
